// !$*UTF8*$!
{
	archiveVersion = 1;
	classes = {
	};
	objectVersion = 55;
	objects = {

/* Begin PBXBuildFile section */
		264124D127537A0600403BE1 /* MarkDownerApp.swift in Sources */ = {isa = PBXBuildFile; fileRef = 264124D027537A0600403BE1 /* MarkDownerApp.swift */; };
		264124D327537A0600403BE1 /* MarkDownerDocument.swift in Sources */ = {isa = PBXBuildFile; fileRef = 264124D227537A0600403BE1 /* MarkDownerDocument.swift */; };
		264124D527537A0600403BE1 /* ContentView.swift in Sources */ = {isa = PBXBuildFile; fileRef = 264124D427537A0600403BE1 /* ContentView.swift */; };
		264124D727537A0700403BE1 /* Assets.xcassets in Resources */ = {isa = PBXBuildFile; fileRef = 264124D627537A0700403BE1 /* Assets.xcassets */; };
		264124DA27537A0700403BE1 /* Preview Assets.xcassets in Resources */ = {isa = PBXBuildFile; fileRef = 264124D927537A0700403BE1 /* Preview Assets.xcassets */; };
		264124E527537E2A00403BE1 /* MarkdownKit in Frameworks */ = {isa = PBXBuildFile; productRef = 264124E427537E2A00403BE1 /* MarkdownKit */; };
		26AFE57F2754804D00C14F45 /* StyleSheet.swift in Sources */ = {isa = PBXBuildFile; fileRef = 26AFE5792754804D00C14F45 /* StyleSheet.swift */; };
		26AFE5802754804D00C14F45 /* ulysses.css in Resources */ = {isa = PBXBuildFile; fileRef = 26AFE57A2754804D00C14F45 /* ulysses.css */; };
		26AFE5812754804D00C14F45 /* darksolarized.css in Resources */ = {isa = PBXBuildFile; fileRef = 26AFE57B2754804D00C14F45 /* darksolarized.css */; };
		26AFE5822754804D00C14F45 /* github.css in Resources */ = {isa = PBXBuildFile; fileRef = 26AFE57C2754804D00C14F45 /* github.css */; };
		26AFE5832754804D00C14F45 /* lopash.css in Resources */ = {isa = PBXBuildFile; fileRef = 26AFE57D2754804D00C14F45 /* lopash.css */; };
		26AFE5842754804D00C14F45 /* raywenderlich.css in Resources */ = {isa = PBXBuildFile; fileRef = 26AFE57E2754804D00C14F45 /* raywenderlich.css */; };
		26AFE5862754806500C14F45 /* MenuCommands.swift in Sources */ = {isa = PBXBuildFile; fileRef = 26AFE5852754806500C14F45 /* MenuCommands.swift */; };
		26AFE5882754837600C14F45 /* WebView.swift in Sources */ = {isa = PBXBuildFile; fileRef = 26AFE5872754837600C14F45 /* WebView.swift */; };
		26AFE58B2754846900C14F45 /* KeyWindow in Frameworks */ = {isa = PBXBuildFile; productRef = 26AFE58A2754846900C14F45 /* KeyWindow */; };
		26AFE58D2754871A00C14F45 /* TouchbarCommands.swift in Sources */ = {isa = PBXBuildFile; fileRef = 26AFE58C2754871A00C14F45 /* TouchbarCommands.swift */; };
/* End PBXBuildFile section */

/* Begin PBXFileReference section */
		264124CD27537A0600403BE1 /* MarkDowner.app */ = {isa = PBXFileReference; explicitFileType = wrapper.application; includeInIndex = 0; path = MarkDowner.app; sourceTree = BUILT_PRODUCTS_DIR; };
		264124D027537A0600403BE1 /* MarkDownerApp.swift */ = {isa = PBXFileReference; lastKnownFileType = sourcecode.swift; path = MarkDownerApp.swift; sourceTree = "<group>"; };
		264124D227537A0600403BE1 /* MarkDownerDocument.swift */ = {isa = PBXFileReference; lastKnownFileType = sourcecode.swift; path = MarkDownerDocument.swift; sourceTree = "<group>"; };
		264124D427537A0600403BE1 /* ContentView.swift */ = {isa = PBXFileReference; lastKnownFileType = sourcecode.swift; path = ContentView.swift; sourceTree = "<group>"; };
		264124D627537A0700403BE1 /* Assets.xcassets */ = {isa = PBXFileReference; lastKnownFileType = folder.assetcatalog; path = Assets.xcassets; sourceTree = "<group>"; };
		264124D927537A0700403BE1 /* Preview Assets.xcassets */ = {isa = PBXFileReference; lastKnownFileType = folder.assetcatalog; path = "Preview Assets.xcassets"; sourceTree = "<group>"; };
		264124DB27537A0700403BE1 /* Info.plist */ = {isa = PBXFileReference; lastKnownFileType = text.plist.xml; path = Info.plist; sourceTree = "<group>"; };
		264124DC27537A0700403BE1 /* MarkDowner.entitlements */ = {isa = PBXFileReference; lastKnownFileType = text.plist.entitlements; path = MarkDowner.entitlements; sourceTree = "<group>"; };
		26AFE5792754804D00C14F45 /* StyleSheet.swift */ = {isa = PBXFileReference; fileEncoding = 4; lastKnownFileType = sourcecode.swift; path = StyleSheet.swift; sourceTree = "<group>"; };
		26AFE57A2754804D00C14F45 /* ulysses.css */ = {isa = PBXFileReference; fileEncoding = 4; lastKnownFileType = text.css; path = ulysses.css; sourceTree = "<group>"; };
		26AFE57B2754804D00C14F45 /* darksolarized.css */ = {isa = PBXFileReference; fileEncoding = 4; lastKnownFileType = text.css; path = darksolarized.css; sourceTree = "<group>"; };
		26AFE57C2754804D00C14F45 /* github.css */ = {isa = PBXFileReference; fileEncoding = 4; lastKnownFileType = text.css; path = github.css; sourceTree = "<group>"; };
		26AFE57D2754804D00C14F45 /* lopash.css */ = {isa = PBXFileReference; fileEncoding = 4; lastKnownFileType = text.css; path = lopash.css; sourceTree = "<group>"; };
		26AFE57E2754804D00C14F45 /* raywenderlich.css */ = {isa = PBXFileReference; fileEncoding = 4; lastKnownFileType = text.css; path = raywenderlich.css; sourceTree = "<group>"; };
		26AFE5852754806500C14F45 /* MenuCommands.swift */ = {isa = PBXFileReference; lastKnownFileType = sourcecode.swift; path = MenuCommands.swift; sourceTree = "<group>"; };
		26AFE5872754837600C14F45 /* WebView.swift */ = {isa = PBXFileReference; fileEncoding = 4; lastKnownFileType = sourcecode.swift; path = WebView.swift; sourceTree = "<group>"; };
		26AFE58C2754871A00C14F45 /* TouchbarCommands.swift */ = {isa = PBXFileReference; fileEncoding = 4; lastKnownFileType = sourcecode.swift; path = TouchbarCommands.swift; sourceTree = "<group>"; };
/* End PBXFileReference section */

/* Begin PBXFrameworksBuildPhase section */
		264124CA27537A0600403BE1 /* Frameworks */ = {
			isa = PBXFrameworksBuildPhase;
			buildActionMask = 2147483647;
			files = (
				26AFE58B2754846900C14F45 /* KeyWindow in Frameworks */,
				264124E527537E2A00403BE1 /* MarkdownKit in Frameworks */,
			);
			runOnlyForDeploymentPostprocessing = 0;
		};
/* End PBXFrameworksBuildPhase section */

/* Begin PBXGroup section */
		264124C427537A0600403BE1 = {
			isa = PBXGroup;
			children = (
				264124CF27537A0600403BE1 /* MarkDowner */,
				264124CE27537A0600403BE1 /* Products */,
			);
			sourceTree = "<group>";
		};
		264124CE27537A0600403BE1 /* Products */ = {
			isa = PBXGroup;
			children = (
				264124CD27537A0600403BE1 /* MarkDowner.app */,
			);
			name = Products;
			sourceTree = "<group>";
		};
		264124CF27537A0600403BE1 /* MarkDowner */ = {
			isa = PBXGroup;
			children = (
				264124D027537A0600403BE1 /* MarkDownerApp.swift */,
				264124D227537A0600403BE1 /* MarkDownerDocument.swift */,
				264124D427537A0600403BE1 /* ContentView.swift */,
				26AFE5872754837600C14F45 /* WebView.swift */,
				26AFE5852754806500C14F45 /* MenuCommands.swift */,
				26AFE58C2754871A00C14F45 /* TouchbarCommands.swift */,
				26AFE5782754804D00C14F45 /* StyleSheets */,
				264124D627537A0700403BE1 /* Assets.xcassets */,
				264124DB27537A0700403BE1 /* Info.plist */,
				264124DC27537A0700403BE1 /* MarkDowner.entitlements */,
				264124D827537A0700403BE1 /* Preview Content */,
			);
			path = MarkDowner;
			sourceTree = "<group>";
		};
		264124D827537A0700403BE1 /* Preview Content */ = {
			isa = PBXGroup;
			children = (
				264124D927537A0700403BE1 /* Preview Assets.xcassets */,
			);
			path = "Preview Content";
			sourceTree = "<group>";
		};
		26AFE5782754804D00C14F45 /* StyleSheets */ = {
			isa = PBXGroup;
			children = (
				26AFE5792754804D00C14F45 /* StyleSheet.swift */,
				26AFE57E2754804D00C14F45 /* raywenderlich.css */,
				26AFE57C2754804D00C14F45 /* github.css */,
				26AFE57D2754804D00C14F45 /* lopash.css */,
				26AFE57B2754804D00C14F45 /* darksolarized.css */,
				26AFE57A2754804D00C14F45 /* ulysses.css */,
			);
			path = StyleSheets;
			sourceTree = "<group>";
		};
/* End PBXGroup section */

/* Begin PBXNativeTarget section */
		264124CC27537A0600403BE1 /* MarkDowner */ = {
			isa = PBXNativeTarget;
			buildConfigurationList = 264124DF27537A0700403BE1 /* Build configuration list for PBXNativeTarget "MarkDowner" */;
			buildPhases = (
				264124E227537A2800403BE1 /* SwiftLint */,
				264124C927537A0600403BE1 /* Sources */,
				264124CA27537A0600403BE1 /* Frameworks */,
				264124CB27537A0600403BE1 /* Resources */,
			);
			buildRules = (
			);
			dependencies = (
			);
			name = MarkDowner;
			packageProductDependencies = (
				264124E427537E2A00403BE1 /* MarkdownKit */,
				26AFE58A2754846900C14F45 /* KeyWindow */,
			);
			productName = MarkDowner;
			productReference = 264124CD27537A0600403BE1 /* MarkDowner.app */;
			productType = "com.apple.product-type.application";
		};
/* End PBXNativeTarget section */

/* Begin PBXProject section */
		264124C527537A0600403BE1 /* Project object */ = {
			isa = PBXProject;
			attributes = {
				BuildIndependentTargetsInParallel = 1;
				LastSwiftUpdateCheck = 1310;
				LastUpgradeCheck = 1320;
				ORGANIZATIONNAME = "Ray Wenderlich";
				TargetAttributes = {
					264124CC27537A0600403BE1 = {
						CreatedOnToolsVersion = 13.1;
					};
				};
			};
			buildConfigurationList = 264124C827537A0600403BE1 /* Build configuration list for PBXProject "MarkDowner" */;
			compatibilityVersion = "Xcode 13.0";
			developmentRegion = en;
			hasScannedForEncodings = 0;
			knownRegions = (
				en,
				Base,
			);
			mainGroup = 264124C427537A0600403BE1;
			packageReferences = (
				264124E327537E2A00403BE1 /* XCRemoteSwiftPackageReference "swift-markdownkit" */,
				26AFE5892754846900C14F45 /* XCRemoteSwiftPackageReference "KeyWindow" */,
			);
			productRefGroup = 264124CE27537A0600403BE1 /* Products */;
			projectDirPath = "";
			projectRoot = "";
			targets = (
				264124CC27537A0600403BE1 /* MarkDowner */,
			);
		};
/* End PBXProject section */

/* Begin PBXResourcesBuildPhase section */
		264124CB27537A0600403BE1 /* Resources */ = {
			isa = PBXResourcesBuildPhase;
			buildActionMask = 2147483647;
			files = (
				26AFE5832754804D00C14F45 /* lopash.css in Resources */,
				264124DA27537A0700403BE1 /* Preview Assets.xcassets in Resources */,
				26AFE5822754804D00C14F45 /* github.css in Resources */,
				26AFE5802754804D00C14F45 /* ulysses.css in Resources */,
				26AFE5842754804D00C14F45 /* raywenderlich.css in Resources */,
				264124D727537A0700403BE1 /* Assets.xcassets in Resources */,
				26AFE5812754804D00C14F45 /* darksolarized.css in Resources */,
			);
			runOnlyForDeploymentPostprocessing = 0;
		};
/* End PBXResourcesBuildPhase section */

/* Begin PBXShellScriptBuildPhase section */
		264124E227537A2800403BE1 /* SwiftLint */ = {
			isa = PBXShellScriptBuildPhase;
			buildActionMask = 2147483647;
			files = (
			);
			inputFileListPaths = (
			);
			inputPaths = (
			);
			name = SwiftLint;
			outputFileListPaths = (
			);
			outputPaths = (
			);
			runOnlyForDeploymentPostprocessing = 0;
			shellPath = /bin/sh;
			shellScript = "PATH=/opt/homebrew/bin:$PATH\nif [ -f ~/com.raywenderlich.swiftlint.yml ]; then\n  if which swiftlint >/dev/null; then\n    swiftlint --no-cache --config ~/com.raywenderlich.swiftlint.yml\n  fi\nfi\n";
		};
/* End PBXShellScriptBuildPhase section */

/* Begin PBXSourcesBuildPhase section */
		264124C927537A0600403BE1 /* Sources */ = {
			isa = PBXSourcesBuildPhase;
			buildActionMask = 2147483647;
			files = (
				264124D327537A0600403BE1 /* MarkDownerDocument.swift in Sources */,
				26AFE57F2754804D00C14F45 /* StyleSheet.swift in Sources */,
				26AFE58D2754871A00C14F45 /* TouchbarCommands.swift in Sources */,
				26AFE5862754806500C14F45 /* MenuCommands.swift in Sources */,
				26AFE5882754837600C14F45 /* WebView.swift in Sources */,
				264124D127537A0600403BE1 /* MarkDownerApp.swift in Sources */,
				264124D527537A0600403BE1 /* ContentView.swift in Sources */,
			);
			runOnlyForDeploymentPostprocessing = 0;
		};
/* End PBXSourcesBuildPhase section */

/* Begin XCBuildConfiguration section */
		264124DD27537A0700403BE1 /* Debug */ = {
			isa = XCBuildConfiguration;
			buildSettings = {
				ALWAYS_SEARCH_USER_PATHS = NO;
				CLANG_ANALYZER_NONNULL = YES;
				CLANG_ANALYZER_NUMBER_OBJECT_CONVERSION = YES_AGGRESSIVE;
				CLANG_CXX_LANGUAGE_STANDARD = "gnu++17";
				CLANG_CXX_LIBRARY = "libc++";
				CLANG_ENABLE_MODULES = YES;
				CLANG_ENABLE_OBJC_ARC = YES;
				CLANG_ENABLE_OBJC_WEAK = YES;
				CLANG_WARN_BLOCK_CAPTURE_AUTORELEASING = YES;
				CLANG_WARN_BOOL_CONVERSION = YES;
				CLANG_WARN_COMMA = YES;
				CLANG_WARN_CONSTANT_CONVERSION = YES;
				CLANG_WARN_DEPRECATED_OBJC_IMPLEMENTATIONS = YES;
				CLANG_WARN_DIRECT_OBJC_ISA_USAGE = YES_ERROR;
				CLANG_WARN_DOCUMENTATION_COMMENTS = YES;
				CLANG_WARN_EMPTY_BODY = YES;
				CLANG_WARN_ENUM_CONVERSION = YES;
				CLANG_WARN_INFINITE_RECURSION = YES;
				CLANG_WARN_INT_CONVERSION = YES;
				CLANG_WARN_NON_LITERAL_NULL_CONVERSION = YES;
				CLANG_WARN_OBJC_IMPLICIT_RETAIN_SELF = YES;
				CLANG_WARN_OBJC_LITERAL_CONVERSION = YES;
				CLANG_WARN_OBJC_ROOT_CLASS = YES_ERROR;
				CLANG_WARN_QUOTED_INCLUDE_IN_FRAMEWORK_HEADER = YES;
				CLANG_WARN_RANGE_LOOP_ANALYSIS = YES;
				CLANG_WARN_STRICT_PROTOTYPES = YES;
				CLANG_WARN_SUSPICIOUS_MOVE = YES;
				CLANG_WARN_UNGUARDED_AVAILABILITY = YES_AGGRESSIVE;
				CLANG_WARN_UNREACHABLE_CODE = YES;
				CLANG_WARN__DUPLICATE_METHOD_MATCH = YES;
				COPY_PHASE_STRIP = NO;
				DEBUG_INFORMATION_FORMAT = dwarf;
				ENABLE_STRICT_OBJC_MSGSEND = YES;
				ENABLE_TESTABILITY = YES;
				GCC_C_LANGUAGE_STANDARD = gnu11;
				GCC_DYNAMIC_NO_PIC = NO;
				GCC_NO_COMMON_BLOCKS = YES;
				GCC_OPTIMIZATION_LEVEL = 0;
				GCC_PREPROCESSOR_DEFINITIONS = (
					"DEBUG=1",
					"$(inherited)",
				);
				GCC_WARN_64_TO_32_BIT_CONVERSION = YES;
				GCC_WARN_ABOUT_RETURN_TYPE = YES_ERROR;
				GCC_WARN_UNDECLARED_SELECTOR = YES;
				GCC_WARN_UNINITIALIZED_AUTOS = YES_AGGRESSIVE;
				GCC_WARN_UNUSED_FUNCTION = YES;
				GCC_WARN_UNUSED_VARIABLE = YES;
				MACOSX_DEPLOYMENT_TARGET = 12.0;
				MTL_ENABLE_DEBUG_INFO = INCLUDE_SOURCE;
				MTL_FAST_MATH = YES;
				ONLY_ACTIVE_ARCH = YES;
				SDKROOT = macosx;
				SWIFT_ACTIVE_COMPILATION_CONDITIONS = DEBUG;
				SWIFT_OPTIMIZATION_LEVEL = "-Onone";
			};
			name = Debug;
		};
		264124DE27537A0700403BE1 /* Release */ = {
			isa = XCBuildConfiguration;
			buildSettings = {
				ALWAYS_SEARCH_USER_PATHS = NO;
				CLANG_ANALYZER_NONNULL = YES;
				CLANG_ANALYZER_NUMBER_OBJECT_CONVERSION = YES_AGGRESSIVE;
				CLANG_CXX_LANGUAGE_STANDARD = "gnu++17";
				CLANG_CXX_LIBRARY = "libc++";
				CLANG_ENABLE_MODULES = YES;
				CLANG_ENABLE_OBJC_ARC = YES;
				CLANG_ENABLE_OBJC_WEAK = YES;
				CLANG_WARN_BLOCK_CAPTURE_AUTORELEASING = YES;
				CLANG_WARN_BOOL_CONVERSION = YES;
				CLANG_WARN_COMMA = YES;
				CLANG_WARN_CONSTANT_CONVERSION = YES;
				CLANG_WARN_DEPRECATED_OBJC_IMPLEMENTATIONS = YES;
				CLANG_WARN_DIRECT_OBJC_ISA_USAGE = YES_ERROR;
				CLANG_WARN_DOCUMENTATION_COMMENTS = YES;
				CLANG_WARN_EMPTY_BODY = YES;
				CLANG_WARN_ENUM_CONVERSION = YES;
				CLANG_WARN_INFINITE_RECURSION = YES;
				CLANG_WARN_INT_CONVERSION = YES;
				CLANG_WARN_NON_LITERAL_NULL_CONVERSION = YES;
				CLANG_WARN_OBJC_IMPLICIT_RETAIN_SELF = YES;
				CLANG_WARN_OBJC_LITERAL_CONVERSION = YES;
				CLANG_WARN_OBJC_ROOT_CLASS = YES_ERROR;
				CLANG_WARN_QUOTED_INCLUDE_IN_FRAMEWORK_HEADER = YES;
				CLANG_WARN_RANGE_LOOP_ANALYSIS = YES;
				CLANG_WARN_STRICT_PROTOTYPES = YES;
				CLANG_WARN_SUSPICIOUS_MOVE = YES;
				CLANG_WARN_UNGUARDED_AVAILABILITY = YES_AGGRESSIVE;
				CLANG_WARN_UNREACHABLE_CODE = YES;
				CLANG_WARN__DUPLICATE_METHOD_MATCH = YES;
				COPY_PHASE_STRIP = NO;
				DEBUG_INFORMATION_FORMAT = "dwarf-with-dsym";
				ENABLE_NS_ASSERTIONS = NO;
				ENABLE_STRICT_OBJC_MSGSEND = YES;
				GCC_C_LANGUAGE_STANDARD = gnu11;
				GCC_NO_COMMON_BLOCKS = YES;
				GCC_WARN_64_TO_32_BIT_CONVERSION = YES;
				GCC_WARN_ABOUT_RETURN_TYPE = YES_ERROR;
				GCC_WARN_UNDECLARED_SELECTOR = YES;
				GCC_WARN_UNINITIALIZED_AUTOS = YES_AGGRESSIVE;
				GCC_WARN_UNUSED_FUNCTION = YES;
				GCC_WARN_UNUSED_VARIABLE = YES;
				MACOSX_DEPLOYMENT_TARGET = 12.0;
				MTL_ENABLE_DEBUG_INFO = NO;
				MTL_FAST_MATH = YES;
				SDKROOT = macosx;
				SWIFT_COMPILATION_MODE = wholemodule;
				SWIFT_OPTIMIZATION_LEVEL = "-O";
			};
			name = Release;
		};
		264124E027537A0700403BE1 /* Debug */ = {
			isa = XCBuildConfiguration;
			buildSettings = {
				ASSETCATALOG_COMPILER_APPICON_NAME = AppIcon;
				ASSETCATALOG_COMPILER_GLOBAL_ACCENT_COLOR_NAME = AccentColor;
				CODE_SIGN_ENTITLEMENTS = MarkDowner/MarkDowner.entitlements;
				CODE_SIGN_IDENTITY = "-";
				CODE_SIGN_STYLE = Automatic;
				COMBINE_HIDPI_IMAGES = YES;
				CURRENT_PROJECT_VERSION = 1;
				DEVELOPMENT_ASSET_PATHS = "\"MarkDowner/Preview Content\"";
				ENABLE_PREVIEWS = YES;
				GENERATE_INFOPLIST_FILE = YES;
				INFOPLIST_FILE = MarkDowner/Info.plist;
				INFOPLIST_KEY_NSHumanReadableCopyright = "";
				LD_RUNPATH_SEARCH_PATHS = (
					"$(inherited)",
					"@executable_path/../Frameworks",
				);
				MARKETING_VERSION = 1.0;
				PRODUCT_BUNDLE_IDENTIFIER = com.raywenderlich.MarkDowner;
				PRODUCT_NAME = "$(TARGET_NAME)";
				SWIFT_EMIT_LOC_STRINGS = YES;
				SWIFT_VERSION = 5.0;
			};
			name = Debug;
		};
		264124E127537A0700403BE1 /* Release */ = {
			isa = XCBuildConfiguration;
			buildSettings = {
				ASSETCATALOG_COMPILER_APPICON_NAME = AppIcon;
				ASSETCATALOG_COMPILER_GLOBAL_ACCENT_COLOR_NAME = AccentColor;
				CODE_SIGN_ENTITLEMENTS = MarkDowner/MarkDowner.entitlements;
				CODE_SIGN_IDENTITY = "-";
				CODE_SIGN_STYLE = Automatic;
				COMBINE_HIDPI_IMAGES = YES;
				CURRENT_PROJECT_VERSION = 1;
				DEVELOPMENT_ASSET_PATHS = "\"MarkDowner/Preview Content\"";
				ENABLE_PREVIEWS = YES;
				GENERATE_INFOPLIST_FILE = YES;
				INFOPLIST_FILE = MarkDowner/Info.plist;
				INFOPLIST_KEY_NSHumanReadableCopyright = "";
				LD_RUNPATH_SEARCH_PATHS = (
					"$(inherited)",
					"@executable_path/../Frameworks",
				);
				MARKETING_VERSION = 1.0;
				PRODUCT_BUNDLE_IDENTIFIER = com.raywenderlich.MarkDowner;
				PRODUCT_NAME = "$(TARGET_NAME)";
				SWIFT_EMIT_LOC_STRINGS = YES;
				SWIFT_VERSION = 5.0;
			};
			name = Release;
		};
/* End XCBuildConfiguration section */

/* Begin XCConfigurationList section */
		264124C827537A0600403BE1 /* Build configuration list for PBXProject "MarkDowner" */ = {
			isa = XCConfigurationList;
			buildConfigurations = (
				264124DD27537A0700403BE1 /* Debug */,
				264124DE27537A0700403BE1 /* Release */,
			);
			defaultConfigurationIsVisible = 0;
			defaultConfigurationName = Release;
		};
		264124DF27537A0700403BE1 /* Build configuration list for PBXNativeTarget "MarkDowner" */ = {
			isa = XCConfigurationList;
			buildConfigurations = (
				264124E027537A0700403BE1 /* Debug */,
				264124E127537A0700403BE1 /* Release */,
			);
			defaultConfigurationIsVisible = 0;
			defaultConfigurationName = Release;
		};
/* End XCConfigurationList section */

/* Begin XCRemoteSwiftPackageReference section */
		264124E327537E2A00403BE1 /* XCRemoteSwiftPackageReference "swift-markdownkit" */ = {
			isa = XCRemoteSwiftPackageReference;
			repositoryURL = "https://github.com/objecthub/swift-markdownkit";
			requirement = {
				kind = upToNextMajorVersion;
				minimumVersion = 1.0.0;
			};
		};
		26AFE5892754846900C14F45 /* XCRemoteSwiftPackageReference "KeyWindow" */ = {
			isa = XCRemoteSwiftPackageReference;
			repositoryURL = "https://github.com/LostMoa/KeyWindow";
			requirement = {
				kind = upToNextMajorVersion;
				minimumVersion = 0.0.4;
			};
		};
/* End XCRemoteSwiftPackageReference section */

/* Begin XCSwiftPackageProductDependency section */
		264124E427537E2A00403BE1 /* MarkdownKit */ = {
			isa = XCSwiftPackageProductDependency;
			package = 264124E327537E2A00403BE1 /* XCRemoteSwiftPackageReference "swift-markdownkit" */;
			productName = MarkdownKit;
		};
		26AFE58A2754846900C14F45 /* KeyWindow */ = {
			isa = XCSwiftPackageProductDependency;
			package = 26AFE5892754846900C14F45 /* XCRemoteSwiftPackageReference "KeyWindow" */;
			productName = KeyWindow;
		};
/* End XCSwiftPackageProductDependency section */
	};
	rootObject = 264124C527537A0600403BE1 /* Project object */;
}
