// !$*UTF8*$!
{
	archiveVersion = 1;
	classes = {
	};
	objectVersion = 55;
	objects = {

/* Begin PBXBuildFile section */
		2653F56126B3B9F60023FBC2 /* SampleData.json in Resources */ = {isa = PBXBuildFile; fileRef = 2653F56026B3B9F60023FBC2 /* SampleData.json */; };
		CD62020B26A7CAF700993BF0 /* DayPicker.swift in Sources */ = {isa = PBXBuildFile; fileRef = CD62020A26A7CAF700993BF0 /* DayPicker.swift */; };
		CD62020D26A7E91700993BF0 /* Menus.swift in Sources */ = {isa = PBXBuildFile; fileRef = CD62020C26A7E91700993BF0 /* Menus.swift */; };
		CD62020F26A7FE9A00993BF0 /* PreferencesView.swift in Sources */ = {isa = PBXBuildFile; fileRef = CD62020E26A7FE9A00993BF0 /* PreferencesView.swift */; };
		CD62021126A8000600993BF0 /* Credits.html in Resources */ = {isa = PBXBuildFile; fileRef = CD62021026A8000600993BF0 /* Credits.html */; };
		CDD03D1926A53331006DB10C /* OnThisDayApp.swift in Sources */ = {isa = PBXBuildFile; fileRef = CDD03D1826A53331006DB10C /* OnThisDayApp.swift */; };
		CDD03D1B26A53331006DB10C /* ContentView.swift in Sources */ = {isa = PBXBuildFile; fileRef = CDD03D1A26A53331006DB10C /* ContentView.swift */; };
		CDD03D1D26A53331006DB10C /* Assets.xcassets in Resources */ = {isa = PBXBuildFile; fileRef = CDD03D1C26A53331006DB10C /* Assets.xcassets */; };
		CDD03D2026A53331006DB10C /* Preview Assets.xcassets in Resources */ = {isa = PBXBuildFile; fileRef = CDD03D1F26A53331006DB10C /* Preview Assets.xcassets */; };
		CDD03D2C26A5463F006DB10C /* String_decoded.swift in Sources */ = {isa = PBXBuildFile; fileRef = CDD03D2B26A5463F006DB10C /* String_decoded.swift */; };
		CDD03D2E26A54652006DB10C /* Day.swift in Sources */ = {isa = PBXBuildFile; fileRef = CDD03D2D26A54652006DB10C /* Day.swift */; };
		CDD03D3026A54660006DB10C /* Event.swift in Sources */ = {isa = PBXBuildFile; fileRef = CDD03D2F26A54660006DB10C /* Event.swift */; };
		CDD03D3226A54667006DB10C /* EventLink.swift in Sources */ = {isa = PBXBuildFile; fileRef = CDD03D3126A54667006DB10C /* EventLink.swift */; };
		CDD03D3426A547D6006DB10C /* Networker.swift in Sources */ = {isa = PBXBuildFile; fileRef = CDD03D3326A547D6006DB10C /* Networker.swift */; };
		CDD03D3626A548D2006DB10C /* AppState.swift in Sources */ = {isa = PBXBuildFile; fileRef = CDD03D3526A548D2006DB10C /* AppState.swift */; };
		CDD03D3A26A54C22006DB10C /* SidebarView.swift in Sources */ = {isa = PBXBuildFile; fileRef = CDD03D3926A54C22006DB10C /* SidebarView.swift */; };
		CDD03D3C26A54C2D006DB10C /* MainView.swift in Sources */ = {isa = PBXBuildFile; fileRef = CDD03D3B26A54C2D006DB10C /* MainView.swift */; };
		CDD03D3F26A54FE2006DB10C /* Toolbar.swift in Sources */ = {isa = PBXBuildFile; fileRef = CDD03D3E26A54FE2006DB10C /* Toolbar.swift */; };
		CDD03D4126A551C8006DB10C /* GridView.swift in Sources */ = {isa = PBXBuildFile; fileRef = CDD03D4026A551C8006DB10C /* GridView.swift */; };
		CDD03D4726A5529A006DB10C /* EventView.swift in Sources */ = {isa = PBXBuildFile; fileRef = CDD03D4626A5529A006DB10C /* EventView.swift */; };
		CDD03D4B26A5587E006DB10C /* TableView.swift in Sources */ = {isa = PBXBuildFile; fileRef = CDD03D4A26A5587E006DB10C /* TableView.swift */; };
/* End PBXBuildFile section */

/* Begin PBXFileReference section */
		2653F56026B3B9F60023FBC2 /* SampleData.json */ = {isa = PBXFileReference; fileEncoding = 4; lastKnownFileType = text.json; path = SampleData.json; sourceTree = "<group>"; };
		CD62020A26A7CAF700993BF0 /* DayPicker.swift */ = {isa = PBXFileReference; lastKnownFileType = sourcecode.swift; path = DayPicker.swift; sourceTree = "<group>"; };
		CD62020C26A7E91700993BF0 /* Menus.swift */ = {isa = PBXFileReference; lastKnownFileType = sourcecode.swift; path = Menus.swift; sourceTree = "<group>"; };
		CD62020E26A7FE9A00993BF0 /* PreferencesView.swift */ = {isa = PBXFileReference; lastKnownFileType = sourcecode.swift; path = PreferencesView.swift; sourceTree = "<group>"; };
		CD62021026A8000600993BF0 /* Credits.html */ = {isa = PBXFileReference; lastKnownFileType = text.html; path = Credits.html; sourceTree = "<group>"; };
		CDD03D1526A53331006DB10C /* On This Day.app */ = {isa = PBXFileReference; explicitFileType = wrapper.application; includeInIndex = 0; path = "On This Day.app"; sourceTree = BUILT_PRODUCTS_DIR; };
		CDD03D1826A53331006DB10C /* OnThisDayApp.swift */ = {isa = PBXFileReference; lastKnownFileType = sourcecode.swift; path = OnThisDayApp.swift; sourceTree = "<group>"; };
		CDD03D1A26A53331006DB10C /* ContentView.swift */ = {isa = PBXFileReference; lastKnownFileType = sourcecode.swift; path = ContentView.swift; sourceTree = "<group>"; };
		CDD03D1C26A53331006DB10C /* Assets.xcassets */ = {isa = PBXFileReference; lastKnownFileType = folder.assetcatalog; path = Assets.xcassets; sourceTree = "<group>"; };
		CDD03D1F26A53331006DB10C /* Preview Assets.xcassets */ = {isa = PBXFileReference; lastKnownFileType = folder.assetcatalog; path = "Preview Assets.xcassets"; sourceTree = "<group>"; };
		CDD03D2B26A5463F006DB10C /* String_decoded.swift */ = {isa = PBXFileReference; lastKnownFileType = sourcecode.swift; path = String_decoded.swift; sourceTree = "<group>"; };
		CDD03D2D26A54652006DB10C /* Day.swift */ = {isa = PBXFileReference; lastKnownFileType = sourcecode.swift; path = Day.swift; sourceTree = "<group>"; };
		CDD03D2F26A54660006DB10C /* Event.swift */ = {isa = PBXFileReference; lastKnownFileType = sourcecode.swift; path = Event.swift; sourceTree = "<group>"; };
		CDD03D3126A54667006DB10C /* EventLink.swift */ = {isa = PBXFileReference; lastKnownFileType = sourcecode.swift; path = EventLink.swift; sourceTree = "<group>"; };
		CDD03D3326A547D6006DB10C /* Networker.swift */ = {isa = PBXFileReference; lastKnownFileType = sourcecode.swift; path = Networker.swift; sourceTree = "<group>"; };
		CDD03D3526A548D2006DB10C /* AppState.swift */ = {isa = PBXFileReference; lastKnownFileType = sourcecode.swift; path = AppState.swift; sourceTree = "<group>"; };
		CDD03D3726A54B36006DB10C /* OnThisDay.entitlements */ = {isa = PBXFileReference; lastKnownFileType = text.plist.entitlements; path = OnThisDay.entitlements; sourceTree = "<group>"; };
		CDD03D3926A54C22006DB10C /* SidebarView.swift */ = {isa = PBXFileReference; lastKnownFileType = sourcecode.swift; path = SidebarView.swift; sourceTree = "<group>"; };
		CDD03D3B26A54C2D006DB10C /* MainView.swift */ = {isa = PBXFileReference; lastKnownFileType = sourcecode.swift; path = MainView.swift; sourceTree = "<group>"; };
		CDD03D3E26A54FE2006DB10C /* Toolbar.swift */ = {isa = PBXFileReference; lastKnownFileType = sourcecode.swift; path = Toolbar.swift; sourceTree = "<group>"; };
		CDD03D4026A551C8006DB10C /* GridView.swift */ = {isa = PBXFileReference; lastKnownFileType = sourcecode.swift; path = GridView.swift; sourceTree = "<group>"; };
		CDD03D4626A5529A006DB10C /* EventView.swift */ = {isa = PBXFileReference; lastKnownFileType = sourcecode.swift; path = EventView.swift; sourceTree = "<group>"; };
		CDD03D4A26A5587E006DB10C /* TableView.swift */ = {isa = PBXFileReference; lastKnownFileType = sourcecode.swift; path = TableView.swift; sourceTree = "<group>"; };
/* End PBXFileReference section */

/* Begin PBXFrameworksBuildPhase section */
		CDD03D1226A53331006DB10C /* Frameworks */ = {
			isa = PBXFrameworksBuildPhase;
			buildActionMask = 2147483647;
			files = (
			);
			runOnlyForDeploymentPostprocessing = 0;
		};
/* End PBXFrameworksBuildPhase section */

/* Begin PBXGroup section */
		CDD03D0C26A53331006DB10C = {
			isa = PBXGroup;
			children = (
				CDD03D1726A53331006DB10C /* OnThisDay */,
				CDD03D1626A53331006DB10C /* Products */,
			);
			indentWidth = 2;
			sourceTree = "<group>";
			tabWidth = 2;
		};
		CDD03D1626A53331006DB10C /* Products */ = {
			isa = PBXGroup;
			children = (
				CDD03D1526A53331006DB10C /* On This Day.app */,
			);
			name = Products;
			sourceTree = "<group>";
		};
		CDD03D1726A53331006DB10C /* OnThisDay */ = {
			isa = PBXGroup;
			children = (
				CDD03D1826A53331006DB10C /* OnThisDayApp.swift */,
				CDD03D3826A54C0A006DB10C /* Views */,
				CDD03D3D26A54FC8006DB10C /* Controls */,
				CDD03D2926A54611006DB10C /* Models */,
				CDD03D2A26A5461B006DB10C /* Utilities */,
				CDD03D1C26A53331006DB10C /* Assets.xcassets */,
				CDD03D3726A54B36006DB10C /* OnThisDay.entitlements */,
				CD62021026A8000600993BF0 /* Credits.html */,
				CDD03D1E26A53331006DB10C /* Preview Content */,
			);
			path = OnThisDay;
			sourceTree = "<group>";
		};
		CDD03D1E26A53331006DB10C /* Preview Content */ = {
			isa = PBXGroup;
			children = (
				CDD03D1F26A53331006DB10C /* Preview Assets.xcassets */,
				2653F56026B3B9F60023FBC2 /* SampleData.json */,
			);
			path = "Preview Content";
			sourceTree = "<group>";
		};
		CDD03D2926A54611006DB10C /* Models */ = {
			isa = PBXGroup;
			children = (
				CDD03D3526A548D2006DB10C /* AppState.swift */,
				CDD03D2D26A54652006DB10C /* Day.swift */,
				CDD03D2F26A54660006DB10C /* Event.swift */,
				CDD03D3126A54667006DB10C /* EventLink.swift */,
			);
			path = Models;
			sourceTree = "<group>";
		};
		CDD03D2A26A5461B006DB10C /* Utilities */ = {
			isa = PBXGroup;
			children = (
				CDD03D3326A547D6006DB10C /* Networker.swift */,
				CDD03D2B26A5463F006DB10C /* String_decoded.swift */,
			);
			path = Utilities;
			sourceTree = "<group>";
		};
		CDD03D3826A54C0A006DB10C /* Views */ = {
			isa = PBXGroup;
			children = (
				CDD03D1A26A53331006DB10C /* ContentView.swift */,
				CDD03D3926A54C22006DB10C /* SidebarView.swift */,
				CDD03D3B26A54C2D006DB10C /* MainView.swift */,
				CDD03D4026A551C8006DB10C /* GridView.swift */,
				CDD03D4A26A5587E006DB10C /* TableView.swift */,
				CDD03D4626A5529A006DB10C /* EventView.swift */,
				CD62020E26A7FE9A00993BF0 /* PreferencesView.swift */,
			);
			path = Views;
			sourceTree = "<group>";
		};
		CDD03D3D26A54FC8006DB10C /* Controls */ = {
			isa = PBXGroup;
			children = (
				CD62020C26A7E91700993BF0 /* Menus.swift */,
				CDD03D3E26A54FE2006DB10C /* Toolbar.swift */,
				CD62020A26A7CAF700993BF0 /* DayPicker.swift */,
			);
			path = Controls;
			sourceTree = "<group>";
		};
/* End PBXGroup section */

/* Begin PBXNativeTarget section */
		CDD03D1426A53331006DB10C /* On This Day */ = {
			isa = PBXNativeTarget;
			buildConfigurationList = CDD03D2326A53331006DB10C /* Build configuration list for PBXNativeTarget "On This Day" */;
			buildPhases = (
				CDD03D2826A53672006DB10C /* ShellScript */,
				CDD03D1126A53331006DB10C /* Sources */,
				CDD03D1226A53331006DB10C /* Frameworks */,
				CDD03D1326A53331006DB10C /* Resources */,
			);
			buildRules = (
			);
			dependencies = (
			);
			name = "On This Day";
			productName = RWMacTemplate;
			productReference = CDD03D1526A53331006DB10C /* On This Day.app */;
			productType = "com.apple.product-type.application";
		};
/* End PBXNativeTarget section */

/* Begin PBXProject section */
		CDD03D0D26A53331006DB10C /* Project object */ = {
			isa = PBXProject;
			attributes = {
				BuildIndependentTargetsInParallel = 1;
				LastSwiftUpdateCheck = 1300;
				LastUpgradeCheck = 1300;
				ORGANIZATIONNAME = "Ray Wenderlich";
				TargetAttributes = {
					CDD03D1426A53331006DB10C = {
						CreatedOnToolsVersion = 13.0;
					};
				};
			};
			buildConfigurationList = CDD03D1026A53331006DB10C /* Build configuration list for PBXProject "On This Day" */;
			compatibilityVersion = "Xcode 13.0";
			developmentRegion = en;
			hasScannedForEncodings = 0;
			knownRegions = (
				en,
				Base,
			);
			mainGroup = CDD03D0C26A53331006DB10C;
			productRefGroup = CDD03D1626A53331006DB10C /* Products */;
			projectDirPath = "";
			projectRoot = "";
			targets = (
				CDD03D1426A53331006DB10C /* On This Day */,
			);
		};
/* End PBXProject section */

/* Begin PBXResourcesBuildPhase section */
		CDD03D1326A53331006DB10C /* Resources */ = {
			isa = PBXResourcesBuildPhase;
			buildActionMask = 2147483647;
			files = (
				CDD03D2026A53331006DB10C /* Preview Assets.xcassets in Resources */,
				2653F56126B3B9F60023FBC2 /* SampleData.json in Resources */,
				CD62021126A8000600993BF0 /* Credits.html in Resources */,
				CDD03D1D26A53331006DB10C /* Assets.xcassets in Resources */,
			);
			runOnlyForDeploymentPostprocessing = 0;
		};
/* End PBXResourcesBuildPhase section */

/* Begin PBXShellScriptBuildPhase section */
		CDD03D2826A53672006DB10C /* ShellScript */ = {
			isa = PBXShellScriptBuildPhase;
			buildActionMask = 2147483647;
			files = (
			);
			inputFileListPaths = (
			);
			inputPaths = (
			);
			outputFileListPaths = (
			);
			outputPaths = (
			);
			runOnlyForDeploymentPostprocessing = 0;
			shellPath = /bin/sh;
			shellScript = "PATH=/opt/homebrew/bin:$PATH\nif [ -f ~/com.raywenderlich.swiftlint.yml ]; then\n  if which swiftlint >/dev/null; then\n    swiftlint autocorrect --no-cache --config ~/com.raywenderlich.swiftlint.yml\n    swiftlint --no-cache --config ~/com.raywenderlich.swiftlint.yml\n  fi\nfi\n";
		};
/* End PBXShellScriptBuildPhase section */

/* Begin PBXSourcesBuildPhase section */
		CDD03D1126A53331006DB10C /* Sources */ = {
			isa = PBXSourcesBuildPhase;
			buildActionMask = 2147483647;
			files = (
				CDD03D1B26A53331006DB10C /* ContentView.swift in Sources */,
				CDD03D3F26A54FE2006DB10C /* Toolbar.swift in Sources */,
				CDD03D3426A547D6006DB10C /* Networker.swift in Sources */,
				CD62020D26A7E91700993BF0 /* Menus.swift in Sources */,
				CDD03D2C26A5463F006DB10C /* String_decoded.swift in Sources */,
				CDD03D3C26A54C2D006DB10C /* MainView.swift in Sources */,
				CD62020B26A7CAF700993BF0 /* DayPicker.swift in Sources */,
				CDD03D3626A548D2006DB10C /* AppState.swift in Sources */,
				CDD03D3226A54667006DB10C /* EventLink.swift in Sources */,
				CDD03D4726A5529A006DB10C /* EventView.swift in Sources */,
				CDD03D3A26A54C22006DB10C /* SidebarView.swift in Sources */,
				CDD03D2E26A54652006DB10C /* Day.swift in Sources */,
				CD62020F26A7FE9A00993BF0 /* PreferencesView.swift in Sources */,
				CDD03D1926A53331006DB10C /* OnThisDayApp.swift in Sources */,
				CDD03D4B26A5587E006DB10C /* TableView.swift in Sources */,
				CDD03D4126A551C8006DB10C /* GridView.swift in Sources */,
				CDD03D3026A54660006DB10C /* Event.swift in Sources */,
			);
			runOnlyForDeploymentPostprocessing = 0;
		};
/* End PBXSourcesBuildPhase section */

/* Begin XCBuildConfiguration section */
		CDD03D2126A53331006DB10C /* Debug */ = {
			isa = XCBuildConfiguration;
			buildSettings = {
				ALWAYS_SEARCH_USER_PATHS = NO;
				CLANG_ANALYZER_NONNULL = YES;
				CLANG_ANALYZER_NUMBER_OBJECT_CONVERSION = YES_AGGRESSIVE;
				CLANG_CXX_LANGUAGE_STANDARD = "gnu++17";
				CLANG_CXX_LIBRARY = "libc++";
				CLANG_ENABLE_MODULES = YES;
				CLANG_ENABLE_OBJC_ARC = YES;
				CLANG_ENABLE_OBJC_WEAK = YES;
				CLANG_WARN_BLOCK_CAPTURE_AUTORELEASING = YES;
				CLANG_WARN_BOOL_CONVERSION = YES;
				CLANG_WARN_COMMA = YES;
				CLANG_WARN_CONSTANT_CONVERSION = YES;
				CLANG_WARN_DEPRECATED_OBJC_IMPLEMENTATIONS = YES;
				CLANG_WARN_DIRECT_OBJC_ISA_USAGE = YES_ERROR;
				CLANG_WARN_DOCUMENTATION_COMMENTS = YES;
				CLANG_WARN_EMPTY_BODY = YES;
				CLANG_WARN_ENUM_CONVERSION = YES;
				CLANG_WARN_INFINITE_RECURSION = YES;
				CLANG_WARN_INT_CONVERSION = YES;
				CLANG_WARN_NON_LITERAL_NULL_CONVERSION = YES;
				CLANG_WARN_OBJC_IMPLICIT_RETAIN_SELF = YES;
				CLANG_WARN_OBJC_LITERAL_CONVERSION = YES;
				CLANG_WARN_OBJC_ROOT_CLASS = YES_ERROR;
				CLANG_WARN_QUOTED_INCLUDE_IN_FRAMEWORK_HEADER = YES;
				CLANG_WARN_RANGE_LOOP_ANALYSIS = YES;
				CLANG_WARN_STRICT_PROTOTYPES = YES;
				CLANG_WARN_SUSPICIOUS_MOVE = YES;
				CLANG_WARN_UNGUARDED_AVAILABILITY = YES_AGGRESSIVE;
				CLANG_WARN_UNREACHABLE_CODE = YES;
				CLANG_WARN__DUPLICATE_METHOD_MATCH = YES;
				COPY_PHASE_STRIP = NO;
				DEBUG_INFORMATION_FORMAT = dwarf;
				ENABLE_STRICT_OBJC_MSGSEND = YES;
				ENABLE_TESTABILITY = YES;
				GCC_C_LANGUAGE_STANDARD = gnu11;
				GCC_DYNAMIC_NO_PIC = NO;
				GCC_NO_COMMON_BLOCKS = YES;
				GCC_OPTIMIZATION_LEVEL = 0;
				GCC_PREPROCESSOR_DEFINITIONS = (
					"DEBUG=1",
					"$(inherited)",
				);
				GCC_WARN_64_TO_32_BIT_CONVERSION = YES;
				GCC_WARN_ABOUT_RETURN_TYPE = YES_ERROR;
				GCC_WARN_UNDECLARED_SELECTOR = YES;
				GCC_WARN_UNINITIALIZED_AUTOS = YES_AGGRESSIVE;
				GCC_WARN_UNUSED_FUNCTION = YES;
				GCC_WARN_UNUSED_VARIABLE = YES;
				MACOSX_DEPLOYMENT_TARGET = 12.0;
				MTL_ENABLE_DEBUG_INFO = INCLUDE_SOURCE;
				MTL_FAST_MATH = YES;
				ONLY_ACTIVE_ARCH = YES;
				SDKROOT = macosx;
				SWIFT_ACTIVE_COMPILATION_CONDITIONS = DEBUG;
				SWIFT_OPTIMIZATION_LEVEL = "-Onone";
			};
			name = Debug;
		};
		CDD03D2226A53331006DB10C /* Release */ = {
			isa = XCBuildConfiguration;
			buildSettings = {
				ALWAYS_SEARCH_USER_PATHS = NO;
				CLANG_ANALYZER_NONNULL = YES;
				CLANG_ANALYZER_NUMBER_OBJECT_CONVERSION = YES_AGGRESSIVE;
				CLANG_CXX_LANGUAGE_STANDARD = "gnu++17";
				CLANG_CXX_LIBRARY = "libc++";
				CLANG_ENABLE_MODULES = YES;
				CLANG_ENABLE_OBJC_ARC = YES;
				CLANG_ENABLE_OBJC_WEAK = YES;
				CLANG_WARN_BLOCK_CAPTURE_AUTORELEASING = YES;
				CLANG_WARN_BOOL_CONVERSION = YES;
				CLANG_WARN_COMMA = YES;
				CLANG_WARN_CONSTANT_CONVERSION = YES;
				CLANG_WARN_DEPRECATED_OBJC_IMPLEMENTATIONS = YES;
				CLANG_WARN_DIRECT_OBJC_ISA_USAGE = YES_ERROR;
				CLANG_WARN_DOCUMENTATION_COMMENTS = YES;
				CLANG_WARN_EMPTY_BODY = YES;
				CLANG_WARN_ENUM_CONVERSION = YES;
				CLANG_WARN_INFINITE_RECURSION = YES;
				CLANG_WARN_INT_CONVERSION = YES;
				CLANG_WARN_NON_LITERAL_NULL_CONVERSION = YES;
				CLANG_WARN_OBJC_IMPLICIT_RETAIN_SELF = YES;
				CLANG_WARN_OBJC_LITERAL_CONVERSION = YES;
				CLANG_WARN_OBJC_ROOT_CLASS = YES_ERROR;
				CLANG_WARN_QUOTED_INCLUDE_IN_FRAMEWORK_HEADER = YES;
				CLANG_WARN_RANGE_LOOP_ANALYSIS = YES;
				CLANG_WARN_STRICT_PROTOTYPES = YES;
				CLANG_WARN_SUSPICIOUS_MOVE = YES;
				CLANG_WARN_UNGUARDED_AVAILABILITY = YES_AGGRESSIVE;
				CLANG_WARN_UNREACHABLE_CODE = YES;
				CLANG_WARN__DUPLICATE_METHOD_MATCH = YES;
				COPY_PHASE_STRIP = NO;
				DEBUG_INFORMATION_FORMAT = "dwarf-with-dsym";
				ENABLE_NS_ASSERTIONS = NO;
				ENABLE_STRICT_OBJC_MSGSEND = YES;
				GCC_C_LANGUAGE_STANDARD = gnu11;
				GCC_NO_COMMON_BLOCKS = YES;
				GCC_WARN_64_TO_32_BIT_CONVERSION = YES;
				GCC_WARN_ABOUT_RETURN_TYPE = YES_ERROR;
				GCC_WARN_UNDECLARED_SELECTOR = YES;
				GCC_WARN_UNINITIALIZED_AUTOS = YES_AGGRESSIVE;
				GCC_WARN_UNUSED_FUNCTION = YES;
				GCC_WARN_UNUSED_VARIABLE = YES;
				MACOSX_DEPLOYMENT_TARGET = 12.0;
				MTL_ENABLE_DEBUG_INFO = NO;
				MTL_FAST_MATH = YES;
				SDKROOT = macosx;
				SWIFT_COMPILATION_MODE = wholemodule;
				SWIFT_OPTIMIZATION_LEVEL = "-O";
			};
			name = Release;
		};
		CDD03D2426A53331006DB10C /* Debug */ = {
			isa = XCBuildConfiguration;
			buildSettings = {
				ASSETCATALOG_COMPILER_APPICON_NAME = AppIcon;
				ASSETCATALOG_COMPILER_GLOBAL_ACCENT_COLOR_NAME = AccentColor;
				CODE_SIGN_ENTITLEMENTS = OnThisDay/OnThisDay.entitlements;
				CODE_SIGN_STYLE = Automatic;
				COMBINE_HIDPI_IMAGES = YES;
				CURRENT_PROJECT_VERSION = 1;
				DEVELOPMENT_ASSET_PATHS = "\"OnThisDay/Preview Content\"";
				ENABLE_APP_SANDBOX = YES;
				ENABLE_PREVIEWS = YES;
				ENABLE_USER_SELECTED_FILES = readonly;
				GENERATE_INFOPLIST_FILE = YES;
				INFOPLIST_FILE = "";
				INFOPLIST_KEY_CFBundleDisplayName = "On This Day";
				INFOPLIST_KEY_NSHumanReadableCopyright = "";
				LD_RUNPATH_SEARCH_PATHS = (
					"$(inherited)",
					"@executable_path/../Frameworks",
				);
				MACOSX_DEPLOYMENT_TARGET = 12.0;
				MARKETING_VERSION = 1.0;
				PRODUCT_BUNDLE_IDENTIFIER = com.raywenderlich.OnThisDay;
				PRODUCT_NAME = "$(TARGET_NAME)";
				SWIFT_EMIT_LOC_STRINGS = YES;
				SWIFT_VERSION = 5.0;
			};
			name = Debug;
		};
		CDD03D2526A53331006DB10C /* Release */ = {
			isa = XCBuildConfiguration;
			buildSettings = {
				ASSETCATALOG_COMPILER_APPICON_NAME = AppIcon;
				ASSETCATALOG_COMPILER_GLOBAL_ACCENT_COLOR_NAME = AccentColor;
				CODE_SIGN_ENTITLEMENTS = OnThisDay/OnThisDay.entitlements;
				CODE_SIGN_STYLE = Automatic;
				COMBINE_HIDPI_IMAGES = YES;
				CURRENT_PROJECT_VERSION = 1;
				DEVELOPMENT_ASSET_PATHS = "\"OnThisDay/Preview Content\"";
				ENABLE_APP_SANDBOX = YES;
				ENABLE_PREVIEWS = YES;
				ENABLE_USER_SELECTED_FILES = readonly;
				GENERATE_INFOPLIST_FILE = YES;
				INFOPLIST_FILE = "";
				INFOPLIST_KEY_CFBundleDisplayName = "On This Day";
				INFOPLIST_KEY_NSHumanReadableCopyright = "";
				LD_RUNPATH_SEARCH_PATHS = (
					"$(inherited)",
					"@executable_path/../Frameworks",
				);
				MACOSX_DEPLOYMENT_TARGET = 12.0;
				MARKETING_VERSION = 1.0;
				PRODUCT_BUNDLE_IDENTIFIER = com.raywenderlich.OnThisDay;
				PRODUCT_NAME = "$(TARGET_NAME)";
				SWIFT_EMIT_LOC_STRINGS = YES;
				SWIFT_VERSION = 5.0;
			};
			name = Release;
		};
/* End XCBuildConfiguration section */

/* Begin XCConfigurationList section */
		CDD03D1026A53331006DB10C /* Build configuration list for PBXProject "On This Day" */ = {
			isa = XCConfigurationList;
			buildConfigurations = (
				CDD03D2126A53331006DB10C /* Debug */,
				CDD03D2226A53331006DB10C /* Release */,
			);
			defaultConfigurationIsVisible = 0;
			defaultConfigurationName = Release;
		};
		CDD03D2326A53331006DB10C /* Build configuration list for PBXNativeTarget "On This Day" */ = {
			isa = XCConfigurationList;
			buildConfigurations = (
				CDD03D2426A53331006DB10C /* Debug */,
				CDD03D2526A53331006DB10C /* Release */,
			);
			defaultConfigurationIsVisible = 0;
			defaultConfigurationName = Release;
		};
/* End XCConfigurationList section */
	};
	rootObject = CDD03D0D26A53331006DB10C /* Project object */;
}
